
Microsoft Visual Studio Solution File, Format Version 12.00
# Visual Studio Version 17
VisualStudioVersion = 17.12.35707.178
MinimumVisualStudioVersion = 10.0.40219.1
Project("{FAE04EC0-301F-11D3-BF4B-00C04F79EFBC}") = "AppLocationVoiture", "AppLocationVoiture\AppLocationVoiture.csproj", "{10FFFA14-69A0-4CB1-BFDD-9EBD159130C0}"
EndProject
Project("{FAE04EC0-301F-11D3-BF4B-00C04F79EFBC}") = "AppLocationVoiture.DAL", "AppLocationVoiture.DAL\AppLocationVoiture.DAL.csproj", "{13FB3643-D2F1-46D3-AABC-7577AC3D8D33}"
EndProject
Project("{FAE04EC0-301F-11D3-BF4B-00C04F79EFBC}") = "AppLocationVoiture.BLL", "AppLocationVoiture.BLL\AppLocationVoiture.BLL.csproj", "{A6FB09C7-5956-4CED-81F0-6389EBB89856}"
EndProject
Global
	GlobalSection(SolutionConfigurationPlatforms) = preSolution
		Debug|Any CPU = Debug|Any CPU
		Release|Any CPU = Release|Any CPU
	EndGlobalSection
	GlobalSection(ProjectConfigurationPlatforms) = postSolution
		{10FFFA14-69A0-4CB1-BFDD-9EBD159130C0}.Debug|Any CPU.ActiveCfg = Debug|Any CPU
		{10FFFA14-69A0-4CB1-BFDD-9EBD159130C0}.Debug|Any CPU.Build.0 = Debug|Any CPU
		{10FFFA14-69A0-4CB1-BFDD-9EBD159130C0}.Release|Any CPU.ActiveCfg = Release|Any CPU
		{10FFFA14-69A0-4CB1-BFDD-9EBD159130C0}.Release|Any CPU.Build.0 = Release|Any CPU
		{13FB3643-D2F1-46D3-AABC-7577AC3D8D33}.Debug|Any CPU.ActiveCfg = Debug|Any CPU
		{13FB3643-D2F1-46D3-AABC-7577AC3D8D33}.Debug|Any CPU.Build.0 = Debug|Any CPU
		{13FB3643-D2F1-46D3-AABC-7577AC3D8D33}.Release|Any CPU.ActiveCfg = Release|Any CPU
		{13FB3643-D2F1-46D3-AABC-7577AC3D8D33}.Release|Any CPU.Build.0 = Release|Any CPU
		{A6FB09C7-5956-4CED-81F0-6389EBB89856}.Debug|Any CPU.ActiveCfg = Debug|Any CPU
		{A6FB09C7-5956-4CED-81F0-6389EBB89856}.Debug|Any CPU.Build.0 = Debug|Any CPU
		{A6FB09C7-5956-4CED-81F0-6389EBB89856}.Release|Any CPU.ActiveCfg = Release|Any CPU
		{A6FB09C7-5956-4CED-81F0-6389EBB89856}.Release|Any CPU.Build.0 = Release|Any CPU
	EndGlobalSection
	GlobalSection(SolutionProperties) = preSolution
		HideSolutionNode = FALSE
	EndGlobalSection
EndGlobal
